
Microsoft Visual Studio Solution File, Format Version 12.00
# Visual Studio Version 16
VisualStudioVersion = 16.0.29306.81
MinimumVisualStudioVersion = 10.0.40219.1
Project("{FAE04EC0-301F-11D3-BF4B-00C04F79EFBC}") = "SistemaVentas", "AGENDA\SistemaVentas.csproj", "{81632234-5A41-48FF-81DE-823C564A385D}"
EndProject
Global
	GlobalSection(SolutionConfigurationPlatforms) = preSolution
		Debug|Any CPU = Debug|Any CPU
		Release|Any CPU = Release|Any CPU
	EndGlobalSection
	GlobalSection(ProjectConfigurationPlatforms) = postSolution
		{81632234-5A41-48FF-81DE-823C564A385D}.Debug|Any CPU.ActiveCfg = Debug|Any CPU
		{81632234-5A41-48FF-81DE-823C564A385D}.Debug|Any CPU.Build.0 = Debug|Any CPU
		{81632234-5A41-48FF-81DE-823C564A385D}.Release|Any CPU.ActiveCfg = Release|Any CPU
		{81632234-5A41-48FF-81DE-823C564A385D}.Release|Any CPU.Build.0 = Release|Any CPU
	EndGlobalSection
	GlobalSection(SolutionProperties) = preSolution
		HideSolutionNode = FALSE
	EndGlobalSection
	GlobalSection(ExtensibilityGlobals) = postSolution
		SolutionGuid = {0830AA28-2028-4873-A172-FEBD32B511A5}
	EndGlobalSection
EndGlobal
